
Microsoft Visual Studio Solution File, Format Version 12.00
# Visual Studio Version 16
VisualStudioVersion = 16.0.29613.14
MinimumVisualStudioVersion = 10.0.40219.1
Project("{FAE04EC0-301F-11D3-BF4B-00C04F79EFBC}") = "Easy_FLEX", "Easy Check-in\Easy_FLEX.csproj", "{E7651374-C83A-4772-9010-9D6A25BDED17}"
EndProject
Global
	GlobalSection(SolutionConfigurationPlatforms) = preSolution
		Debug|Any CPU = Debug|Any CPU
		Release|Any CPU = Release|Any CPU
	EndGlobalSection
	GlobalSection(ProjectConfigurationPlatforms) = postSolution
		{E7651374-C83A-4772-9010-9D6A25BDED17}.Debug|Any CPU.ActiveCfg = Debug|Any CPU
		{E7651374-C83A-4772-9010-9D6A25BDED17}.Debug|Any CPU.Build.0 = Debug|Any CPU
		{E7651374-C83A-4772-9010-9D6A25BDED17}.Release|Any CPU.ActiveCfg = Release|Any CPU
		{E7651374-C83A-4772-9010-9D6A25BDED17}.Release|Any CPU.Build.0 = Release|Any CPU
	EndGlobalSection
	GlobalSection(SolutionProperties) = preSolution
		HideSolutionNode = FALSE
	EndGlobalSection
	GlobalSection(ExtensibilityGlobals) = postSolution
		SolutionGuid = {17F8B7DF-A6D5-4C16-9630-1429894981DA}
	EndGlobalSection
EndGlobal
